// !$*UTF8*$!
{
	archiveVersion = 1;
	classes = {
	};
	objectVersion = 56;
	objects = {

/* Begin PBXBuildFile section */
		457AEE882C42AB0300643E11 /* AppDelegate.swift in Sources */ = {isa = PBXBuildFile; fileRef = 457AEE872C42AB0300643E11 /* AppDelegate.swift */; };
		457AEE8A2C42AB0300643E11 /* SceneDelegate.swift in Sources */ = {isa = PBXBuildFile; fileRef = 457AEE892C42AB0300643E11 /* SceneDelegate.swift */; };
		457AEE8C2C42AB0300643E11 /* ViewController.swift in Sources */ = {isa = PBXBuildFile; fileRef = 457AEE8B2C42AB0300643E11 /* ViewController.swift */; };
		457AEE8F2C42AB0300643E11 /* Main.storyboard in Resources */ = {isa = PBXBuildFile; fileRef = 457AEE8D2C42AB0300643E11 /* Main.storyboard */; };
		457AEE912C42AB0400643E11 /* Assets.xcassets in Resources */ = {isa = PBXBuildFile; fileRef = 457AEE902C42AB0400643E11 /* Assets.xcassets */; };
		457AEE942C42AB0400643E11 /* LaunchScreen.storyboard in Resources */ = {isa = PBXBuildFile; fileRef = 457AEE922C42AB0400643E11 /* LaunchScreen.storyboard */; };
		457AEE9F2C42AB0500643E11 /* I_am_richTests.swift in Sources */ = {isa = PBXBuildFile; fileRef = 457AEE9E2C42AB0500643E11 /* I_am_richTests.swift */; };
		457AEEA92C42AB0500643E11 /* I_am_richUITests.swift in Sources */ = {isa = PBXBuildFile; fileRef = 457AEEA82C42AB0500643E11 /* I_am_richUITests.swift */; };
		457AEEAB2C42AB0500643E11 /* I_am_richUITestsLaunchTests.swift in Sources */ = {isa = PBXBuildFile; fileRef = 457AEEAA2C42AB0500643E11 /* I_am_richUITestsLaunchTests.swift */; };
		457AEEB82C42B1AF00643E11 /* Waves Logo Circle Varriant.png in Resources */ = {isa = PBXBuildFile; fileRef = 457AEEB72C42B1AF00643E11 /* Waves Logo Circle Varriant.png */; };
/* End PBXBuildFile section */

/* Begin PBXContainerItemProxy section */
		457AEE9B2C42AB0500643E11 /* PBXContainerItemProxy */ = {
			isa = PBXContainerItemProxy;
			containerPortal = 457AEE7C2C42AB0300643E11 /* Project object */;
			proxyType = 1;
			remoteGlobalIDString = 457AEE832C42AB0300643E11;
			remoteInfo = "I am rich";
		};
		457AEEA52C42AB0500643E11 /* PBXContainerItemProxy */ = {
			isa = PBXContainerItemProxy;
			containerPortal = 457AEE7C2C42AB0300643E11 /* Project object */;
			proxyType = 1;
			remoteGlobalIDString = 457AEE832C42AB0300643E11;
			remoteInfo = "I am rich";
		};
/* End PBXContainerItemProxy section */

/* Begin PBXFileReference section */
		457AEE842C42AB0300643E11 /* I am rich.app */ = {isa = PBXFileReference; explicitFileType = wrapper.application; includeInIndex = 0; path = "I am rich.app"; sourceTree = BUILT_PRODUCTS_DIR; };
		457AEE872C42AB0300643E11 /* AppDelegate.swift */ = {isa = PBXFileReference; lastKnownFileType = sourcecode.swift; path = AppDelegate.swift; sourceTree = "<group>"; };
		457AEE892C42AB0300643E11 /* SceneDelegate.swift */ = {isa = PBXFileReference; lastKnownFileType = sourcecode.swift; path = SceneDelegate.swift; sourceTree = "<group>"; };
		457AEE8B2C42AB0300643E11 /* ViewController.swift */ = {isa = PBXFileReference; lastKnownFileType = sourcecode.swift; path = ViewController.swift; sourceTree = "<group>"; };
		457AEE8E2C42AB0300643E11 /* Base */ = {isa = PBXFileReference; lastKnownFileType = file.storyboard; name = Base; path = Base.lproj/Main.storyboard; sourceTree = "<group>"; };
		457AEE902C42AB0400643E11 /* Assets.xcassets */ = {isa = PBXFileReference; lastKnownFileType = folder.assetcatalog; path = Assets.xcassets; sourceTree = "<group>"; };
		457AEE932C42AB0400643E11 /* Base */ = {isa = PBXFileReference; lastKnownFileType = file.storyboard; name = Base; path = Base.lproj/LaunchScreen.storyboard; sourceTree = "<group>"; };
		457AEE952C42AB0400643E11 /* Info.plist */ = {isa = PBXFileReference; lastKnownFileType = text.plist.xml; path = Info.plist; sourceTree = "<group>"; };
		457AEE9A2C42AB0500643E11 /* I am richTests.xctest */ = {isa = PBXFileReference; explicitFileType = wrapper.cfbundle; includeInIndex = 0; path = "I am richTests.xctest"; sourceTree = BUILT_PRODUCTS_DIR; };
		457AEE9E2C42AB0500643E11 /* I_am_richTests.swift */ = {isa = PBXFileReference; lastKnownFileType = sourcecode.swift; path = I_am_richTests.swift; sourceTree = "<group>"; };
		457AEEA42C42AB0500643E11 /* I am richUITests.xctest */ = {isa = PBXFileReference; explicitFileType = wrapper.cfbundle; includeInIndex = 0; path = "I am richUITests.xctest"; sourceTree = BUILT_PRODUCTS_DIR; };
		457AEEA82C42AB0500643E11 /* I_am_richUITests.swift */ = {isa = PBXFileReference; lastKnownFileType = sourcecode.swift; path = I_am_richUITests.swift; sourceTree = "<group>"; };
		457AEEAA2C42AB0500643E11 /* I_am_richUITestsLaunchTests.swift */ = {isa = PBXFileReference; lastKnownFileType = sourcecode.swift; path = I_am_richUITestsLaunchTests.swift; sourceTree = "<group>"; };
		457AEEB72C42B1AF00643E11 /* Waves Logo Circle Varriant.png */ = {isa = PBXFileReference; lastKnownFileType = image.png; path = "Waves Logo Circle Varriant.png"; sourceTree = "<group>"; };
/* End PBXFileReference section */

/* Begin PBXFrameworksBuildPhase section */
		457AEE812C42AB0300643E11 /* Frameworks */ = {
			isa = PBXFrameworksBuildPhase;
			buildActionMask = 2147483647;
			files = (
			);
			runOnlyForDeploymentPostprocessing = 0;
		};
		457AEE972C42AB0500643E11 /* Frameworks */ = {
			isa = PBXFrameworksBuildPhase;
			buildActionMask = 2147483647;
			files = (
			);
			runOnlyForDeploymentPostprocessing = 0;
		};
		457AEEA12C42AB0500643E11 /* Frameworks */ = {
			isa = PBXFrameworksBuildPhase;
			buildActionMask = 2147483647;
			files = (
			);
			runOnlyForDeploymentPostprocessing = 0;
		};
/* End PBXFrameworksBuildPhase section */

/* Begin PBXGroup section */
		457AEE7B2C42AB0300643E11 = {
			isa = PBXGroup;
			children = (
				457AEEB72C42B1AF00643E11 /* Waves Logo Circle Varriant.png */,
				457AEE862C42AB0300643E11 /* I am rich */,
				457AEE9D2C42AB0500643E11 /* I am richTests */,
				457AEEA72C42AB0500643E11 /* I am richUITests */,
				457AEE852C42AB0300643E11 /* Products */,
			);
			sourceTree = "<group>";
		};
		457AEE852C42AB0300643E11 /* Products */ = {
			isa = PBXGroup;
			children = (
				457AEE842C42AB0300643E11 /* I am rich.app */,
				457AEE9A2C42AB0500643E11 /* I am richTests.xctest */,
				457AEEA42C42AB0500643E11 /* I am richUITests.xctest */,
			);
			name = Products;
			sourceTree = "<group>";
		};
		457AEE862C42AB0300643E11 /* I am rich */ = {
			isa = PBXGroup;
			children = (
				457AEE872C42AB0300643E11 /* AppDelegate.swift */,
				457AEE892C42AB0300643E11 /* SceneDelegate.swift */,
				457AEE8B2C42AB0300643E11 /* ViewController.swift */,
				457AEE8D2C42AB0300643E11 /* Main.storyboard */,
				457AEE902C42AB0400643E11 /* Assets.xcassets */,
				457AEE922C42AB0400643E11 /* LaunchScreen.storyboard */,
				457AEE952C42AB0400643E11 /* Info.plist */,
			);
			path = "I am rich";
			sourceTree = "<group>";
		};
		457AEE9D2C42AB0500643E11 /* I am richTests */ = {
			isa = PBXGroup;
			children = (
				457AEE9E2C42AB0500643E11 /* I_am_richTests.swift */,
			);
			path = "I am richTests";
			sourceTree = "<group>";
		};
		457AEEA72C42AB0500643E11 /* I am richUITests */ = {
			isa = PBXGroup;
			children = (
				457AEEA82C42AB0500643E11 /* I_am_richUITests.swift */,
				457AEEAA2C42AB0500643E11 /* I_am_richUITestsLaunchTests.swift */,
			);
			path = "I am richUITests";
			sourceTree = "<group>";
		};
/* End PBXGroup section */

/* Begin PBXNativeTarget section */
		457AEE832C42AB0300643E11 /* I am rich */ = {
			isa = PBXNativeTarget;
			buildConfigurationList = 457AEEAE2C42AB0500643E11 /* Build configuration list for PBXNativeTarget "I am rich" */;
			buildPhases = (
				457AEE802C42AB0300643E11 /* Sources */,
				457AEE812C42AB0300643E11 /* Frameworks */,
				457AEE822C42AB0300643E11 /* Resources */,
			);
			buildRules = (
			);
			dependencies = (
			);
			name = "I am rich";
			productName = "I am rich";
			productReference = 457AEE842C42AB0300643E11 /* I am rich.app */;
			productType = "com.apple.product-type.application";
		};
		457AEE992C42AB0500643E11 /* I am richTests */ = {
			isa = PBXNativeTarget;
			buildConfigurationList = 457AEEB12C42AB0500643E11 /* Build configuration list for PBXNativeTarget "I am richTests" */;
			buildPhases = (
				457AEE962C42AB0500643E11 /* Sources */,
				457AEE972C42AB0500643E11 /* Frameworks */,
				457AEE982C42AB0500643E11 /* Resources */,
			);
			buildRules = (
			);
			dependencies = (
				457AEE9C2C42AB0500643E11 /* PBXTargetDependency */,
			);
			name = "I am richTests";
			productName = "I am richTests";
			productReference = 457AEE9A2C42AB0500643E11 /* I am richTests.xctest */;
			productType = "com.apple.product-type.bundle.unit-test";
		};
		457AEEA32C42AB0500643E11 /* I am richUITests */ = {
			isa = PBXNativeTarget;
			buildConfigurationList = 457AEEB42C42AB0500643E11 /* Build configuration list for PBXNativeTarget "I am richUITests" */;
			buildPhases = (
				457AEEA02C42AB0500643E11 /* Sources */,
				457AEEA12C42AB0500643E11 /* Frameworks */,
				457AEEA22C42AB0500643E11 /* Resources */,
			);
			buildRules = (
			);
			dependencies = (
				457AEEA62C42AB0500643E11 /* PBXTargetDependency */,
			);
			name = "I am richUITests";
			productName = "I am richUITests";
			productReference = 457AEEA42C42AB0500643E11 /* I am richUITests.xctest */;
			productType = "com.apple.product-type.bundle.ui-testing";
		};
/* End PBXNativeTarget section */

/* Begin PBXProject section */
		457AEE7C2C42AB0300643E11 /* Project object */ = {
			isa = PBXProject;
			attributes = {
				BuildIndependentTargetsInParallel = 1;
				LastSwiftUpdateCheck = 1510;
				LastUpgradeCheck = 1510;
				TargetAttributes = {
					457AEE832C42AB0300643E11 = {
						CreatedOnToolsVersion = 15.1;
					};
					457AEE992C42AB0500643E11 = {
						CreatedOnToolsVersion = 15.1;
						TestTargetID = 457AEE832C42AB0300643E11;
					};
					457AEEA32C42AB0500643E11 = {
						CreatedOnToolsVersion = 15.1;
						TestTargetID = 457AEE832C42AB0300643E11;
					};
				};
			};
			buildConfigurationList = 457AEE7F2C42AB0300643E11 /* Build configuration list for PBXProject "I am rich" */;
			compatibilityVersion = "Xcode 14.0";
			developmentRegion = en;
			hasScannedForEncodings = 0;
			knownRegions = (
				en,
				Base,
			);
			mainGroup = 457AEE7B2C42AB0300643E11;
			productRefGroup = 457AEE852C42AB0300643E11 /* Products */;
			projectDirPath = "";
			projectRoot = "";
			targets = (
				457AEE832C42AB0300643E11 /* I am rich */,
				457AEE992C42AB0500643E11 /* I am richTests */,
				457AEEA32C42AB0500643E11 /* I am richUITests */,
			);
		};
/* End PBXProject section */

/* Begin PBXResourcesBuildPhase section */
		457AEE822C42AB0300643E11 /* Resources */ = {
			isa = PBXResourcesBuildPhase;
			buildActionMask = 2147483647;
			files = (
				457AEE942C42AB0400643E11 /* LaunchScreen.storyboard in Resources */,
				457AEEB82C42B1AF00643E11 /* Waves Logo Circle Varriant.png in Resources */,
				457AEE912C42AB0400643E11 /* Assets.xcassets in Resources */,
				457AEE8F2C42AB0300643E11 /* Main.storyboard in Resources */,
			);
			runOnlyForDeploymentPostprocessing = 0;
		};
		457AEE982C42AB0500643E11 /* Resources */ = {
			isa = PBXResourcesBuildPhase;
			buildActionMask = 2147483647;
			files = (
			);
			runOnlyForDeploymentPostprocessing = 0;
		};
		457AEEA22C42AB0500643E11 /* Resources */ = {
			isa = PBXResourcesBuildPhase;
			buildActionMask = 2147483647;
			files = (
			);
			runOnlyForDeploymentPostprocessing = 0;
		};
/* End PBXResourcesBuildPhase section */

/* Begin PBXSourcesBuildPhase section */
		457AEE802C42AB0300643E11 /* Sources */ = {
			isa = PBXSourcesBuildPhase;
			buildActionMask = 2147483647;
			files = (
				457AEE8C2C42AB0300643E11 /* ViewController.swift in Sources */,
				457AEE882C42AB0300643E11 /* AppDelegate.swift in Sources */,
				457AEE8A2C42AB0300643E11 /* SceneDelegate.swift in Sources */,
			);
			runOnlyForDeploymentPostprocessing = 0;
		};
		457AEE962C42AB0500643E11 /* Sources */ = {
			isa = PBXSourcesBuildPhase;
			buildActionMask = 2147483647;
			files = (
				457AEE9F2C42AB0500643E11 /* I_am_richTests.swift in Sources */,
			);
			runOnlyForDeploymentPostprocessing = 0;
		};
		457AEEA02C42AB0500643E11 /* Sources */ = {
			isa = PBXSourcesBuildPhase;
			buildActionMask = 2147483647;
			files = (
				457AEEAB2C42AB0500643E11 /* I_am_richUITestsLaunchTests.swift in Sources */,
				457AEEA92C42AB0500643E11 /* I_am_richUITests.swift in Sources */,
			);
			runOnlyForDeploymentPostprocessing = 0;
		};
/* End PBXSourcesBuildPhase section */

/* Begin PBXTargetDependency section */
		457AEE9C2C42AB0500643E11 /* PBXTargetDependency */ = {
			isa = PBXTargetDependency;
			target = 457AEE832C42AB0300643E11 /* I am rich */;
			targetProxy = 457AEE9B2C42AB0500643E11 /* PBXContainerItemProxy */;
		};
		457AEEA62C42AB0500643E11 /* PBXTargetDependency */ = {
			isa = PBXTargetDependency;
			target = 457AEE832C42AB0300643E11 /* I am rich */;
			targetProxy = 457AEEA52C42AB0500643E11 /* PBXContainerItemProxy */;
		};
/* End PBXTargetDependency section */

/* Begin PBXVariantGroup section */
		457AEE8D2C42AB0300643E11 /* Main.storyboard */ = {
			isa = PBXVariantGroup;
			children = (
				457AEE8E2C42AB0300643E11 /* Base */,
			);
			name = Main.storyboard;
			sourceTree = "<group>";
		};
		457AEE922C42AB0400643E11 /* LaunchScreen.storyboard */ = {
			isa = PBXVariantGroup;
			children = (
				457AEE932C42AB0400643E11 /* Base */,
			);
			name = LaunchScreen.storyboard;
			sourceTree = "<group>";
		};
/* End PBXVariantGroup section */

/* Begin XCBuildConfiguration section */
		457AEEAC2C42AB0500643E11 /* Debug */ = {
			isa = XCBuildConfiguration;
			buildSettings = {
				ALWAYS_SEARCH_USER_PATHS = NO;
				ASSETCATALOG_COMPILER_GENERATE_SWIFT_ASSET_SYMBOL_EXTENSIONS = YES;
				CLANG_ANALYZER_NONNULL = YES;
				CLANG_ANALYZER_NUMBER_OBJECT_CONVERSION = YES_AGGRESSIVE;
				CLANG_CXX_LANGUAGE_STANDARD = "gnu++20";
				CLANG_ENABLE_MODULES = YES;
				CLANG_ENABLE_OBJC_ARC = YES;
				CLANG_ENABLE_OBJC_WEAK = YES;
				CLANG_WARN_BLOCK_CAPTURE_AUTORELEASING = YES;
				CLANG_WARN_BOOL_CONVERSION = YES;
				CLANG_WARN_COMMA = YES;
				CLANG_WARN_CONSTANT_CONVERSION = YES;
				CLANG_WARN_DEPRECATED_OBJC_IMPLEMENTATIONS = YES;
				CLANG_WARN_DIRECT_OBJC_ISA_USAGE = YES_ERROR;
				CLANG_WARN_DOCUMENTATION_COMMENTS = YES;
				CLANG_WARN_EMPTY_BODY = YES;
				CLANG_WARN_ENUM_CONVERSION = YES;
				CLANG_WARN_INFINITE_RECURSION = YES;
				CLANG_WARN_INT_CONVERSION = YES;
				CLANG_WARN_NON_LITERAL_NULL_CONVERSION = YES;
				CLANG_WARN_OBJC_IMPLICIT_RETAIN_SELF = YES;
				CLANG_WARN_OBJC_LITERAL_CONVERSION = YES;
				CLANG_WARN_OBJC_ROOT_CLASS = YES_ERROR;
				CLANG_WARN_QUOTED_INCLUDE_IN_FRAMEWORK_HEADER = YES;
				CLANG_WARN_RANGE_LOOP_ANALYSIS = YES;
				CLANG_WARN_STRICT_PROTOTYPES = YES;
				CLANG_WARN_SUSPICIOUS_MOVE = YES;
				CLANG_WARN_UNGUARDED_AVAILABILITY = YES_AGGRESSIVE;
				CLANG_WARN_UNREACHABLE_CODE = YES;
				CLANG_WARN__DUPLICATE_METHOD_MATCH = YES;
				COPY_PHASE_STRIP = NO;
				DEBUG_INFORMATION_FORMAT = dwarf;
				ENABLE_STRICT_OBJC_MSGSEND = YES;
				ENABLE_TESTABILITY = YES;
				ENABLE_USER_SCRIPT_SANDBOXING = YES;
				GCC_C_LANGUAGE_STANDARD = gnu17;
				GCC_DYNAMIC_NO_PIC = NO;
				GCC_NO_COMMON_BLOCKS = YES;
				GCC_OPTIMIZATION_LEVEL = 0;
				GCC_PREPROCESSOR_DEFINITIONS = (
					"DEBUG=1",
					"$(inherited)",
				);
				GCC_WARN_64_TO_32_BIT_CONVERSION = YES;
				GCC_WARN_ABOUT_RETURN_TYPE = YES_ERROR;
				GCC_WARN_UNDECLARED_SELECTOR = YES;
				GCC_WARN_UNINITIALIZED_AUTOS = YES_AGGRESSIVE;
				GCC_WARN_UNUSED_FUNCTION = YES;
				GCC_WARN_UNUSED_VARIABLE = YES;
				IPHONEOS_DEPLOYMENT_TARGET = 17.2;
				LOCALIZATION_PREFERS_STRING_CATALOGS = YES;
				MTL_ENABLE_DEBUG_INFO = INCLUDE_SOURCE;
				MTL_FAST_MATH = YES;
				ONLY_ACTIVE_ARCH = YES;
				SDKROOT = iphoneos;
				SWIFT_ACTIVE_COMPILATION_CONDITIONS = "DEBUG $(inherited)";
				SWIFT_OPTIMIZATION_LEVEL = "-Onone";
			};
			name = Debug;
		};
		457AEEAD2C42AB0500643E11 /* Release */ = {
			isa = XCBuildConfiguration;
			buildSettings = {
				ALWAYS_SEARCH_USER_PATHS = NO;
				ASSETCATALOG_COMPILER_GENERATE_SWIFT_ASSET_SYMBOL_EXTENSIONS = YES;
				CLANG_ANALYZER_NONNULL = YES;
				CLANG_ANALYZER_NUMBER_OBJECT_CONVERSION = YES_AGGRESSIVE;
				CLANG_CXX_LANGUAGE_STANDARD = "gnu++20";
				CLANG_ENABLE_MODULES = YES;
				CLANG_ENABLE_OBJC_ARC = YES;
				CLANG_ENABLE_OBJC_WEAK = YES;
				CLANG_WARN_BLOCK_CAPTURE_AUTORELEASING = YES;
				CLANG_WARN_BOOL_CONVERSION = YES;
				CLANG_WARN_COMMA = YES;
				CLANG_WARN_CONSTANT_CONVERSION = YES;
				CLANG_WARN_DEPRECATED_OBJC_IMPLEMENTATIONS = YES;
				CLANG_WARN_DIRECT_OBJC_ISA_USAGE = YES_ERROR;
				CLANG_WARN_DOCUMENTATION_COMMENTS = YES;
				CLANG_WARN_EMPTY_BODY = YES;
				CLANG_WARN_ENUM_CONVERSION = YES;
				CLANG_WARN_INFINITE_RECURSION = YES;
				CLANG_WARN_INT_CONVERSION = YES;
				CLANG_WARN_NON_LITERAL_NULL_CONVERSION = YES;
				CLANG_WARN_OBJC_IMPLICIT_RETAIN_SELF = YES;
				CLANG_WARN_OBJC_LITERAL_CONVERSION = YES;
				CLANG_WARN_OBJC_ROOT_CLASS = YES_ERROR;
				CLANG_WARN_QUOTED_INCLUDE_IN_FRAMEWORK_HEADER = YES;
				CLANG_WARN_RANGE_LOOP_ANALYSIS = YES;
				CLANG_WARN_STRICT_PROTOTYPES = YES;
				CLANG_WARN_SUSPICIOUS_MOVE = YES;
				CLANG_WARN_UNGUARDED_AVAILABILITY = YES_AGGRESSIVE;
				CLANG_WARN_UNREACHABLE_CODE = YES;
				CLANG_WARN__DUPLICATE_METHOD_MATCH = YES;
				COPY_PHASE_STRIP = NO;
				DEBUG_INFORMATION_FORMAT = "dwarf-with-dsym";
				ENABLE_NS_ASSERTIONS = NO;
				ENABLE_STRICT_OBJC_MSGSEND = YES;
				ENABLE_USER_SCRIPT_SANDBOXING = YES;
				GCC_C_LANGUAGE_STANDARD = gnu17;
				GCC_NO_COMMON_BLOCKS = YES;
				GCC_WARN_64_TO_32_BIT_CONVERSION = YES;
				GCC_WARN_ABOUT_RETURN_TYPE = YES_ERROR;
				GCC_WARN_UNDECLARED_SELECTOR = YES;
				GCC_WARN_UNINITIALIZED_AUTOS = YES_AGGRESSIVE;
				GCC_WARN_UNUSED_FUNCTION = YES;
				GCC_WARN_UNUSED_VARIABLE = YES;
				IPHONEOS_DEPLOYMENT_TARGET = 17.2;
				LOCALIZATION_PREFERS_STRING_CATALOGS = YES;
				MTL_ENABLE_DEBUG_INFO = NO;
				MTL_FAST_MATH = YES;
				SDKROOT = iphoneos;
				SWIFT_COMPILATION_MODE = wholemodule;
				VALIDATE_PRODUCT = YES;
			};
			name = Release;
		};
		457AEEAF2C42AB0500643E11 /* Debug */ = {
			isa = XCBuildConfiguration;
			buildSettings = {
				ASSETCATALOG_COMPILER_APPICON_NAME = AppIcon;
				ASSETCATALOG_COMPILER_GLOBAL_ACCENT_COLOR_NAME = AccentColor;
				CODE_SIGN_STYLE = Automatic;
				CURRENT_PROJECT_VERSION = 1;
				DEVELOPMENT_TEAM = N8PU9483LG;
				GENERATE_INFOPLIST_FILE = YES;
				INFOPLIST_FILE = "I am rich/Info.plist";
				INFOPLIST_KEY_UIApplicationSupportsIndirectInputEvents = YES;
				INFOPLIST_KEY_UILaunchStoryboardName = LaunchScreen;
				INFOPLIST_KEY_UIMainStoryboardFile = Main;
				INFOPLIST_KEY_UISupportedInterfaceOrientations = UIInterfaceOrientationPortrait;
				IPHONEOS_DEPLOYMENT_TARGET = 13.0;
				LD_RUNPATH_SEARCH_PATHS = (
					"$(inherited)",
					"@executable_path/Frameworks",
				);
				MARKETING_VERSION = 1.0;
				PRODUCT_BUNDLE_IDENTIFIER = "io.wavesoftware.I-am-rich";
				PRODUCT_NAME = "$(TARGET_NAME)";
				SUPPORTED_PLATFORMS = "iphoneos iphonesimulator";
				SUPPORTS_MACCATALYST = NO;
				SUPPORTS_MAC_DESIGNED_FOR_IPHONE_IPAD = NO;
				SWIFT_EMIT_LOC_STRINGS = YES;
				SWIFT_VERSION = 5.0;
				TARGETED_DEVICE_FAMILY = "1,2";
			};
			name = Debug;
		};
		457AEEB02C42AB0500643E11 /* Release */ = {
			isa = XCBuildConfiguration;
			buildSettings = {
				ASSETCATALOG_COMPILER_APPICON_NAME = AppIcon;
				ASSETCATALOG_COMPILER_GLOBAL_ACCENT_COLOR_NAME = AccentColor;
				CODE_SIGN_STYLE = Automatic;
				CURRENT_PROJECT_VERSION = 1;
				DEVELOPMENT_TEAM = N8PU9483LG;
				GENERATE_INFOPLIST_FILE = YES;
				INFOPLIST_FILE = "I am rich/Info.plist";
				INFOPLIST_KEY_UIApplicationSupportsIndirectInputEvents = YES;
				INFOPLIST_KEY_UILaunchStoryboardName = LaunchScreen;
				INFOPLIST_KEY_UIMainStoryboardFile = Main;
				INFOPLIST_KEY_UISupportedInterfaceOrientations = UIInterfaceOrientationPortrait;
				IPHONEOS_DEPLOYMENT_TARGET = 13.0;
				LD_RUNPATH_SEARCH_PATHS = (
					"$(inherited)",
					"@executable_path/Frameworks",
				);
				MARKETING_VERSION = 1.0;
				PRODUCT_BUNDLE_IDENTIFIER = "io.wavesoftware.I-am-rich";
				PRODUCT_NAME = "$(TARGET_NAME)";
				SUPPORTED_PLATFORMS = "iphoneos iphonesimulator";
				SUPPORTS_MACCATALYST = NO;
				SUPPORTS_MAC_DESIGNED_FOR_IPHONE_IPAD = NO;
				SWIFT_EMIT_LOC_STRINGS = YES;
				SWIFT_VERSION = 5.0;
				TARGETED_DEVICE_FAMILY = "1,2";
			};
			name = Release;
		};
		457AEEB22C42AB0500643E11 /* Debug */ = {
			isa = XCBuildConfiguration;
			buildSettings = {
				ALWAYS_EMBED_SWIFT_STANDARD_LIBRARIES = YES;
				BUNDLE_LOADER = "$(TEST_HOST)";
				CODE_SIGN_STYLE = Automatic;
				CURRENT_PROJECT_VERSION = 1;
				DEVELOPMENT_TEAM = N8PU9483LG;
				GENERATE_INFOPLIST_FILE = YES;
				IPHONEOS_DEPLOYMENT_TARGET = 17.2;
				MARKETING_VERSION = 1.0;
				PRODUCT_BUNDLE_IDENTIFIER = "io.wavesoftware.I-am-richTests";
				PRODUCT_NAME = "$(TARGET_NAME)";
				SWIFT_EMIT_LOC_STRINGS = NO;
				SWIFT_VERSION = 5.0;
				TARGETED_DEVICE_FAMILY = "1,2";
				TEST_HOST = "$(BUILT_PRODUCTS_DIR)/I am rich.app/$(BUNDLE_EXECUTABLE_FOLDER_PATH)/I am rich";
			};
			name = Debug;
		};
		457AEEB32C42AB0500643E11 /* Release */ = {
			isa = XCBuildConfiguration;
			buildSettings = {
				ALWAYS_EMBED_SWIFT_STANDARD_LIBRARIES = YES;
				BUNDLE_LOADER = "$(TEST_HOST)";
				CODE_SIGN_STYLE = Automatic;
				CURRENT_PROJECT_VERSION = 1;
				DEVELOPMENT_TEAM = N8PU9483LG;
				GENERATE_INFOPLIST_FILE = YES;
				IPHONEOS_DEPLOYMENT_TARGET = 17.2;
				MARKETING_VERSION = 1.0;
				PRODUCT_BUNDLE_IDENTIFIER = "io.wavesoftware.I-am-richTests";
				PRODUCT_NAME = "$(TARGET_NAME)";
				SWIFT_EMIT_LOC_STRINGS = NO;
				SWIFT_VERSION = 5.0;
				TARGETED_DEVICE_FAMILY = "1,2";
				TEST_HOST = "$(BUILT_PRODUCTS_DIR)/I am rich.app/$(BUNDLE_EXECUTABLE_FOLDER_PATH)/I am rich";
			};
			name = Release;
		};
		457AEEB52C42AB0500643E11 /* Debug */ = {
			isa = XCBuildConfiguration;
			buildSettings = {
				ALWAYS_EMBED_SWIFT_STANDARD_LIBRARIES = YES;
				CODE_SIGN_STYLE = Automatic;
				CURRENT_PROJECT_VERSION = 1;
				DEVELOPMENT_TEAM = N8PU9483LG;
				GENERATE_INFOPLIST_FILE = YES;
				MARKETING_VERSION = 1.0;
				PRODUCT_BUNDLE_IDENTIFIER = "io.wavesoftware.I-am-richUITests";
				PRODUCT_NAME = "$(TARGET_NAME)";
				SWIFT_EMIT_LOC_STRINGS = NO;
				SWIFT_VERSION = 5.0;
				TARGETED_DEVICE_FAMILY = "1,2";
				TEST_TARGET_NAME = "I am rich";
			};
			name = Debug;
		};
		457AEEB62C42AB0500643E11 /* Release */ = {
			isa = XCBuildConfiguration;
			buildSettings = {
				ALWAYS_EMBED_SWIFT_STANDARD_LIBRARIES = YES;
				CODE_SIGN_STYLE = Automatic;
				CURRENT_PROJECT_VERSION = 1;
				DEVELOPMENT_TEAM = N8PU9483LG;
				GENERATE_INFOPLIST_FILE = YES;
				MARKETING_VERSION = 1.0;
				PRODUCT_BUNDLE_IDENTIFIER = "io.wavesoftware.I-am-richUITests";
				PRODUCT_NAME = "$(TARGET_NAME)";
				SWIFT_EMIT_LOC_STRINGS = NO;
				SWIFT_VERSION = 5.0;
				TARGETED_DEVICE_FAMILY = "1,2";
				TEST_TARGET_NAME = "I am rich";
			};
			name = Release;
		};
/* End XCBuildConfiguration section */

/* Begin XCConfigurationList section */
		457AEE7F2C42AB0300643E11 /* Build configuration list for PBXProject "I am rich" */ = {
			isa = XCConfigurationList;
			buildConfigurations = (
				457AEEAC2C42AB0500643E11 /* Debug */,
				457AEEAD2C42AB0500643E11 /* Release */,
			);
			defaultConfigurationIsVisible = 0;
			defaultConfigurationName = Release;
		};
		457AEEAE2C42AB0500643E11 /* Build configuration list for PBXNativeTarget "I am rich" */ = {
			isa = XCConfigurationList;
			buildConfigurations = (
				457AEEAF2C42AB0500643E11 /* Debug */,
				457AEEB02C42AB0500643E11 /* Release */,
			);
			defaultConfigurationIsVisible = 0;
			defaultConfigurationName = Release;
		};
		457AEEB12C42AB0500643E11 /* Build configuration list for PBXNativeTarget "I am richTests" */ = {
			isa = XCConfigurationList;
			buildConfigurations = (
				457AEEB22C42AB0500643E11 /* Debug */,
				457AEEB32C42AB0500643E11 /* Release */,
			);
			defaultConfigurationIsVisible = 0;
			defaultConfigurationName = Release;
		};
		457AEEB42C42AB0500643E11 /* Build configuration list for PBXNativeTarget "I am richUITests" */ = {
			isa = XCConfigurationList;
			buildConfigurations = (
				457AEEB52C42AB0500643E11 /* Debug */,
				457AEEB62C42AB0500643E11 /* Release */,
			);
			defaultConfigurationIsVisible = 0;
			defaultConfigurationName = Release;
		};
/* End XCConfigurationList section */
	};
	rootObject = 457AEE7C2C42AB0300643E11 /* Project object */;
}
